# THIS IS AN AUTOGENERATED FILE. DO NOT EDIT THIS FILE DIRECTLY.
# yarn lockfile v1


adler-32@~1.2.0:
  version "1.2.0"
  resolved "https://registry.yarnpkg.com/adler-32/-/adler-32-1.2.0.tgz#6a3e6bf0a63900ba15652808cb15c6813d1a5f25"
  dependencies:
    exit-on-epipe "~1.0.1"
    printj "~1.1.0"

ansi-escape-sequences@^4.0.0:
  version "4.0.0"
  resolved "https://registry.yarnpkg.com/ansi-escape-sequences/-/ansi-escape-sequences-4.0.0.tgz#e0ecb042958b71e42942d35c1fcf1d9b00a0f67e"
  dependencies:
    array-back "^2.0.0"

ansi-regex@^3.0.0:
  version "3.0.0"
  resolved "https://registry.yarnpkg.com/ansi-regex/-/ansi-regex-3.0.0.tgz#ed0317c322064f79466c02966bddb605ab37d998"

argparse@^1.0.2:
  version "1.0.10"
  resolved "https://registry.yarnpkg.com/argparse/-/argparse-1.0.10.tgz#bcd6791ea5ae09725e17e5ad988134cd40b3d911"
  dependencies:
    sprintf-js "~1.0.2"

array-back@^2.0.0:
  version "2.0.0"
  resolved "https://registry.yarnpkg.com/array-back/-/array-back-2.0.0.tgz#6877471d51ecc9c9bfa6136fb6c7d5fe69748022"
  dependencies:
    typical "^2.6.1"

camelcase@^4.1.0:
  version "4.1.0"
  resolved "https://registry.yarnpkg.com/camelcase/-/camelcase-4.1.0.tgz#d545635be1e33c542649c69173e5de6acfae34dd"

cfb@~1.0.5:
  version "1.0.5"
  resolved "https://registry.yarnpkg.com/cfb/-/cfb-1.0.5.tgz#5f7cf2fcb385dd41db271cf1f28a83fcd705bf06"
  dependencies:
    commander "^2.14.1"
    printj "~1.1.2"

cliss@0.0.2:
  version "0.0.2"
  resolved "https://registry.yarnpkg.com/cliss/-/cliss-0.0.2.tgz#aa8bd77af7df3cb93b9ea963c1c49a0773c52a3a"
  dependencies:
    command-line-usage "^4.0.1"
    deepmerge "^2.0.0"
    get-stdin "^5.0.1"
    inspect-parameters-declaration "0.0.9"
    object-to-arguments "0.0.8"
    pipe-functions "^1.3.0"
    strip-ansi "^4.0.0"
    yargs-parser "^7.0.0"

codepage@~1.12.1:
  version "1.12.2"
  resolved "https://registry.yarnpkg.com/codepage/-/codepage-1.12.2.tgz#fd4424448c8bf1db5d7e01f9ecf9e8346582a195"
  dependencies:
    commander "~2.14.1"
    exit-on-epipe "~1.0.1"

command-line-usage@^4.0.1:
  version "4.1.0"
  resolved "https://registry.yarnpkg.com/command-line-usage/-/command-line-usage-4.1.0.tgz#a6b3b2e2703b4dcf8bd46ae19e118a9a52972882"
  dependencies:
    ansi-escape-sequences "^4.0.0"
    array-back "^2.0.0"
    table-layout "^0.4.2"
    typical "^2.6.1"

commander@^2.14.1, commander@^2.9.0:
  version "2.15.0"
  resolved "https://registry.yarnpkg.com/commander/-/commander-2.15.0.tgz#ad2a23a1c3b036e392469b8012cec6b33b4c1322"

commander@~2.14.1:
  version "2.14.1"
  resolved "https://registry.yarnpkg.com/commander/-/commander-2.14.1.tgz#2235123e37af8ca3c65df45b026dbd357b01b9aa"

convert-excel-to-json@^1.3.0:
  version "1.3.0"
  resolved "https://registry.yarnpkg.com/convert-excel-to-json/-/convert-excel-to-json-1.3.0.tgz#5d549bec4864f7a84ae811813b685db5fec3fec3"
  dependencies:
    argparse "^1.0.2"
    magicli "0.0.8"
    node.extend "^1.1.5"
    xlsx "^0.12.1"

crc-32@~1.2.0:
  version "1.2.0"
  resolved "https://registry.yarnpkg.com/crc-32/-/crc-32-1.2.0.tgz#cb2db6e29b88508e32d9dd0ec1693e7b41a18208"
  dependencies:
    exit-on-epipe "~1.0.1"
    printj "~1.1.0"

deep-extend@~0.5.0:
  version "0.5.0"
  resolved "https://registry.yarnpkg.com/deep-extend/-/deep-extend-0.5.0.tgz#6ef4a09b05f98b0e358d6d93d4ca3caec6672803"

deepmerge@^2.0.0:
  version "2.1.0"
  resolved "https://registry.yarnpkg.com/deepmerge/-/deepmerge-2.1.0.tgz#511a54fff405fc346f0240bb270a3e9533a31102"

exit-on-epipe@~1.0.1:
  version "1.0.1"
  resolved "https://registry.yarnpkg.com/exit-on-epipe/-/exit-on-epipe-1.0.1.tgz#0bdd92e87d5285d267daa8171d0eb06159689692"

find-up@^2.1.0:
  version "2.1.0"
  resolved "https://registry.yarnpkg.com/find-up/-/find-up-2.1.0.tgz#45d1b7e506c717ddd482775a2b77920a3c0c57a7"
  dependencies:
    locate-path "^2.0.0"

for-each-property-deep@0.0.3:
  version "0.0.3"
  resolved "https://registry.yarnpkg.com/for-each-property-deep/-/for-each-property-deep-0.0.3.tgz#31309a4afc38a9cca06f1b223f53d64a6d083fad"
  dependencies:
    for-each-property "0.0.4"

for-each-property@0.0.4:
  version "0.0.4"
  resolved "https://registry.yarnpkg.com/for-each-property/-/for-each-property-0.0.4.tgz#cfa857aec1422e1d126ff08784fcf62629bc83f6"
  dependencies:
    get-prototype-chain "^1.0.1"

frac@~1.1.2:
  version "1.1.2"
  resolved "https://registry.yarnpkg.com/frac/-/frac-1.1.2.tgz#3d74f7f6478c88a1b5020306d747dc6313c74d0b"

get-prototype-chain@^1.0.1:
  version "1.0.1"
  resolved "https://registry.yarnpkg.com/get-prototype-chain/-/get-prototype-chain-1.0.1.tgz#a171a115ea1e4906c6ed3843a1f001c18510416f"

get-stdin@^5.0.1:
  version "5.0.1"
  resolved "https://registry.yarnpkg.com/get-stdin/-/get-stdin-5.0.1.tgz#122e161591e21ff4c52530305693f20e6393a398"

inspect-function@^0.2.1:
  version "0.2.2"
  resolved "https://registry.yarnpkg.com/inspect-function/-/inspect-function-0.2.2.tgz#85da0c5258bc4c330ae3283b6747e0759d90a635"
  dependencies:
    split-skip "0.0.1"
    unpack-string "0.0.2"

inspect-function@^0.3.1:
  version "0.3.4"
  resolved "https://registry.yarnpkg.com/inspect-function/-/inspect-function-0.3.4.tgz#e1ecf2616cac81d0d62e5e2a3b057f8cbf8ffedd"
  dependencies:
    inspect-parameters-declaration "0.0.8"
    magicli "0.0.8"
    split-skip "0.0.1"
    stringify-parameters "0.0.4"
    unpack-string "0.0.2"

inspect-parameters-declaration@0.0.10:
  version "0.0.10"
  resolved "https://registry.yarnpkg.com/inspect-parameters-declaration/-/inspect-parameters-declaration-0.0.10.tgz#1455b4a05078ed071ec5d9def4291adf54d2ed13"
  dependencies:
    magicli "0.0.5"
    split-skip "0.0.2"
    stringify-parameters "0.0.4"
    unpack-string "0.0.2"

inspect-parameters-declaration@0.0.8:
  version "0.0.8"
  resolved "https://registry.yarnpkg.com/inspect-parameters-declaration/-/inspect-parameters-declaration-0.0.8.tgz#b50aa61674db850075aa90c7360479bc6c287828"
  dependencies:
    magicli "0.0.5"
    split-skip "0.0.2"
    stringify-parameters "0.0.4"
    unpack-string "0.0.2"

inspect-parameters-declaration@0.0.9:
  version "0.0.9"
  resolved "https://registry.yarnpkg.com/inspect-parameters-declaration/-/inspect-parameters-declaration-0.0.9.tgz#926ddd9e072554527915a8a654c7693180b1cfad"
  dependencies:
    magicli "0.0.5"
    split-skip "0.0.2"
    stringify-parameters "0.0.4"
    unpack-string "0.0.2"

inspect-property@0.0.6:
  version "0.0.6"
  resolved "https://registry.yarnpkg.com/inspect-property/-/inspect-property-0.0.6.tgz#5fce081e408fc9bc948e3cf625b6cdc3aa82eef7"
  dependencies:
    for-each-property "0.0.4"
    for-each-property-deep "0.0.3"
    inspect-function "^0.3.1"

is@^3.1.0:
  version "3.2.1"
  resolved "https://registry.yarnpkg.com/is/-/is-3.2.1.tgz#d0ac2ad55eb7b0bec926a5266f6c662aaa83dca5"

locate-path@^2.0.0:
  version "2.0.0"
  resolved "https://registry.yarnpkg.com/locate-path/-/locate-path-2.0.0.tgz#2b568b265eec944c6d9c0de9c3dbbbca0354cd8e"
  dependencies:
    p-locate "^2.0.0"
    path-exists "^3.0.0"

lodash.padend@^4.6.1:
  version "4.6.1"
  resolved "https://registry.yarnpkg.com/lodash.padend/-/lodash.padend-4.6.1.tgz#53ccba047d06e158d311f45da625f4e49e6f166e"

magicli@0.0.5:
  version "0.0.5"
  resolved "https://registry.yarnpkg.com/magicli/-/magicli-0.0.5.tgz#cee7d0fbb4c70518aacb11ec3eb7e25ff49a4921"
  dependencies:
    commander "^2.9.0"
    get-stdin "^5.0.1"
    inspect-function "^0.2.1"
    pipe-functions "^1.2.0"

magicli@0.0.8:
  version "0.0.8"
  resolved "https://registry.yarnpkg.com/magicli/-/magicli-0.0.8.tgz#920849cf70736076a6c4aa35d5a6866c807fc07b"
  dependencies:
    cliss "0.0.2"
    find-up "^2.1.0"
    for-each-property "0.0.4"
    inspect-property "0.0.6"

node.extend@^1.1.5:
  version "1.1.6"
  resolved "https://registry.yarnpkg.com/node.extend/-/node.extend-1.1.6.tgz#a7b882c82d6c93a4863a5504bd5de8ec86258b96"
  dependencies:
    is "^3.1.0"

object-to-arguments@0.0.8:
  version "0.0.8"
  resolved "https://registry.yarnpkg.com/object-to-arguments/-/object-to-arguments-0.0.8.tgz#cf4b1f8afc6873d341622b7cb0811d8d0ace5886"
  dependencies:
    inspect-parameters-declaration "0.0.10"
    magicli "0.0.5"
    split-skip "0.0.2"
    stringify-parameters "0.0.4"
    unpack-string "0.0.2"

p-limit@^1.1.0:
  version "1.2.0"
  resolved "https://registry.yarnpkg.com/p-limit/-/p-limit-1.2.0.tgz#0e92b6bedcb59f022c13d0f1949dc82d15909f1c"
  dependencies:
    p-try "^1.0.0"

p-locate@^2.0.0:
  version "2.0.0"
  resolved "https://registry.yarnpkg.com/p-locate/-/p-locate-2.0.0.tgz#20a0103b222a70c8fd39cc2e580680f3dde5ec43"
  dependencies:
    p-limit "^1.1.0"

p-try@^1.0.0:
  version "1.0.0"
  resolved "https://registry.yarnpkg.com/p-try/-/p-try-1.0.0.tgz#cbc79cdbaf8fd4228e13f621f2b1a237c1b207b3"

path-exists@^3.0.0:
  version "3.0.0"
  resolved "https://registry.yarnpkg.com/path-exists/-/path-exists-3.0.0.tgz#ce0ebeaa5f78cb18925ea7d810d7b59b010fd515"

pipe-functions@^1.2.0, pipe-functions@^1.3.0:
  version "1.3.0"
  resolved "https://registry.yarnpkg.com/pipe-functions/-/pipe-functions-1.3.0.tgz#d2846db34ff29481dc9318a2a210cb06abbf6e52"

printj@~1.1.0, printj@~1.1.2:
  version "1.1.2"
  resolved "https://registry.yarnpkg.com/printj/-/printj-1.1.2.tgz#d90deb2975a8b9f600fb3a1c94e3f4c53c78a222"

reduce-flatten@^1.0.1:
  version "1.0.1"
  resolved "https://registry.yarnpkg.com/reduce-flatten/-/reduce-flatten-1.0.1.tgz#258c78efd153ddf93cb561237f61184f3696e327"

split-skip@0.0.1:
  version "0.0.1"
  resolved "https://registry.yarnpkg.com/split-skip/-/split-skip-0.0.1.tgz#80ad8e36e98e576454cc3b667c1dd25d865e8f00"

split-skip@0.0.2:
  version "0.0.2"
  resolved "https://registry.yarnpkg.com/split-skip/-/split-skip-0.0.2.tgz#d89d88bbd2f73e46b5158aa370a561224e80d461"

sprintf-js@~1.0.2:
  version "1.0.3"
  resolved "https://registry.yarnpkg.com/sprintf-js/-/sprintf-js-1.0.3.tgz#04e6926f662895354f3dd015203633b857297e2c"

ssf@~0.10.2:
  version "0.10.2"
  resolved "https://registry.yarnpkg.com/ssf/-/ssf-0.10.2.tgz#65b2b4fcdfd967bc8e8383a41349009893115976"
  dependencies:
    frac "~1.1.2"

stringify-parameters@0.0.4:
  version "0.0.4"
  resolved "https://registry.yarnpkg.com/stringify-parameters/-/stringify-parameters-0.0.4.tgz#2b44ffa479b5874b01d38d190d7398b4ecf1cf7b"
  dependencies:
    magicli "0.0.5"
    unpack-string "0.0.2"

strip-ansi@^4.0.0:
  version "4.0.0"
  resolved "https://registry.yarnpkg.com/strip-ansi/-/strip-ansi-4.0.0.tgz#a8479022eb1ac368a871389b635262c505ee368f"
  dependencies:
    ansi-regex "^3.0.0"

table-layout@^0.4.2:
  version "0.4.3"
  resolved "https://registry.yarnpkg.com/table-layout/-/table-layout-0.4.3.tgz#07509e1d72599f2c128a58ac67682ec4ba002af0"
  dependencies:
    array-back "^2.0.0"
    deep-extend "~0.5.0"
    lodash.padend "^4.6.1"
    typical "^2.6.1"
    wordwrapjs "^3.0.0"

typical@^2.6.1:
  version "2.6.1"
  resolved "https://registry.yarnpkg.com/typical/-/typical-2.6.1.tgz#5c080e5d661cbbe38259d2e70a3c7253e873881d"

unpack-string@0.0.2:
  version "0.0.2"
  resolved "https://registry.yarnpkg.com/unpack-string/-/unpack-string-0.0.2.tgz#302ecf08238b0139bd434a4d7fd67cdf33ca275d"

wordwrapjs@^3.0.0:
  version "3.0.0"
  resolved "https://registry.yarnpkg.com/wordwrapjs/-/wordwrapjs-3.0.0.tgz#c94c372894cadc6feb1a66bff64e1d9af92c5d1e"
  dependencies:
    reduce-flatten "^1.0.1"
    typical "^2.6.1"

xlsx@^0.12.1:
  version "0.12.5"
  resolved "https://registry.yarnpkg.com/xlsx/-/xlsx-0.12.5.tgz#8830e75596fe222c08c3dd68a4080cebd9a678b3"
  dependencies:
    adler-32 "~1.2.0"
    cfb "~1.0.5"
    codepage "~1.12.1"
    commander "~2.14.1"
    crc-32 "~1.2.0"
    exit-on-epipe "~1.0.1"
    ssf "~0.10.2"

yargs-parser@^7.0.0:
  version "7.0.0"
  resolved "https://registry.yarnpkg.com/yargs-parser/-/yargs-parser-7.0.0.tgz#8d0ac42f16ea55debd332caf4c4038b3e3f5dfd9"
  dependencies:
    camelcase "^4.1.0"
